// !$*UTF8*$!
{
	archiveVersion = 1;
	classes = {
	};
	objectVersion = 50;
	objects = {

/* Begin PBXBuildFile section */
		4F1CDCE3272B68A9000EC7CD /* WeatherModel.swift in Sources */ = {isa = PBXBuildFile; fileRef = 4F1CDCE2272B68A9000EC7CD /* WeatherModel.swift */; };
		4F1CDCE5272B6B6B000EC7CD /* WeatherModelMapper.swift in Sources */ = {isa = PBXBuildFile; fileRef = 4F1CDCE4272B6B6B000EC7CD /* WeatherModelMapper.swift */; };
		4FBD00E42729D566006838B6 /* AppDelegate.swift in Sources */ = {isa = PBXBuildFile; fileRef = 4FBD00E32729D566006838B6 /* AppDelegate.swift */; };
		4FBD00E62729D566006838B6 /* SceneDelegate.swift in Sources */ = {isa = PBXBuildFile; fileRef = 4FBD00E52729D566006838B6 /* SceneDelegate.swift */; };
		4FBD00E82729D566006838B6 /* ContentView.swift in Sources */ = {isa = PBXBuildFile; fileRef = 4FBD00E72729D566006838B6 /* ContentView.swift */; };
		4FBD00EA2729D56A006838B6 /* Assets.xcassets in Resources */ = {isa = PBXBuildFile; fileRef = 4FBD00E92729D56A006838B6 /* Assets.xcassets */; };
		4FBD00ED2729D56A006838B6 /* Preview Assets.xcassets in Resources */ = {isa = PBXBuildFile; fileRef = 4FBD00EC2729D56A006838B6 /* Preview Assets.xcassets */; };
		4FBD00F02729D56A006838B6 /* LaunchScreen.storyboard in Resources */ = {isa = PBXBuildFile; fileRef = 4FBD00EE2729D56A006838B6 /* LaunchScreen.storyboard */; };
		4FBD00F92729FBF0006838B6 /* WeatherDataModel.swift in Sources */ = {isa = PBXBuildFile; fileRef = 4FBD00F82729FBF0006838B6 /* WeatherDataModel.swift */; };
		4FBD00FC272A0247006838B6 /* WeatherViewModel.swift in Sources */ = {isa = PBXBuildFile; fileRef = 4FBD00FB272A0247006838B6 /* WeatherViewModel.swift */; };
/* End PBXBuildFile section */

/* Begin PBXFileReference section */
		4F1CDCE2272B68A9000EC7CD /* WeatherModel.swift */ = {isa = PBXFileReference; lastKnownFileType = sourcecode.swift; path = WeatherModel.swift; sourceTree = "<group>"; };
		4F1CDCE4272B6B6B000EC7CD /* WeatherModelMapper.swift */ = {isa = PBXFileReference; lastKnownFileType = sourcecode.swift; path = WeatherModelMapper.swift; sourceTree = "<group>"; };
		4FBD00E02729D566006838B6 /* WeatherApp.app */ = {isa = PBXFileReference; explicitFileType = wrapper.application; includeInIndex = 0; path = WeatherApp.app; sourceTree = BUILT_PRODUCTS_DIR; };
		4FBD00E32729D566006838B6 /* AppDelegate.swift */ = {isa = PBXFileReference; lastKnownFileType = sourcecode.swift; path = AppDelegate.swift; sourceTree = "<group>"; };
		4FBD00E52729D566006838B6 /* SceneDelegate.swift */ = {isa = PBXFileReference; lastKnownFileType = sourcecode.swift; path = SceneDelegate.swift; sourceTree = "<group>"; };
		4FBD00E72729D566006838B6 /* ContentView.swift */ = {isa = PBXFileReference; lastKnownFileType = sourcecode.swift; path = ContentView.swift; sourceTree = "<group>"; };
		4FBD00E92729D56A006838B6 /* Assets.xcassets */ = {isa = PBXFileReference; lastKnownFileType = folder.assetcatalog; path = Assets.xcassets; sourceTree = "<group>"; };
		4FBD00EC2729D56A006838B6 /* Preview Assets.xcassets */ = {isa = PBXFileReference; lastKnownFileType = folder.assetcatalog; path = "Preview Assets.xcassets"; sourceTree = "<group>"; };
		4FBD00EF2729D56A006838B6 /* Base */ = {isa = PBXFileReference; lastKnownFileType = file.storyboard; name = Base; path = Base.lproj/LaunchScreen.storyboard; sourceTree = "<group>"; };
		4FBD00F12729D56A006838B6 /* Info.plist */ = {isa = PBXFileReference; lastKnownFileType = text.plist.xml; path = Info.plist; sourceTree = "<group>"; };
		4FBD00F82729FBF0006838B6 /* WeatherDataModel.swift */ = {isa = PBXFileReference; lastKnownFileType = sourcecode.swift; path = WeatherDataModel.swift; sourceTree = "<group>"; };
		4FBD00FB272A0247006838B6 /* WeatherViewModel.swift */ = {isa = PBXFileReference; lastKnownFileType = sourcecode.swift; path = WeatherViewModel.swift; sourceTree = "<group>"; };
/* End PBXFileReference section */

/* Begin PBXFrameworksBuildPhase section */
		4FBD00DD2729D566006838B6 /* Frameworks */ = {
			isa = PBXFrameworksBuildPhase;
			buildActionMask = 2147483647;
			files = (
			);
			runOnlyForDeploymentPostprocessing = 0;
		};
/* End PBXFrameworksBuildPhase section */

/* Begin PBXGroup section */
		4FBD00D72729D566006838B6 = {
			isa = PBXGroup;
			children = (
				4FBD00E22729D566006838B6 /* WeatherApp */,
				4FBD00E12729D566006838B6 /* Products */,
			);
			sourceTree = "<group>";
		};
		4FBD00E12729D566006838B6 /* Products */ = {
			isa = PBXGroup;
			children = (
				4FBD00E02729D566006838B6 /* WeatherApp.app */,
			);
			name = Products;
			sourceTree = "<group>";
		};
		4FBD00E22729D566006838B6 /* WeatherApp */ = {
			isa = PBXGroup;
			children = (
				4FBD00E32729D566006838B6 /* AppDelegate.swift */,
				4FBD00E52729D566006838B6 /* SceneDelegate.swift */,
				4FBD00E72729D566006838B6 /* ContentView.swift */,
				4F1CDCE4272B6B6B000EC7CD /* WeatherModelMapper.swift */,
				4FBD00FA272A022D006838B6 /* ViewModel */,
				4FBD00F72729FBAD006838B6 /* Model */,
				4FBD00E92729D56A006838B6 /* Assets.xcassets */,
				4FBD00EE2729D56A006838B6 /* LaunchScreen.storyboard */,
				4FBD00F12729D56A006838B6 /* Info.plist */,
				4FBD00EB2729D56A006838B6 /* Preview Content */,
			);
			path = WeatherApp;
			sourceTree = "<group>";
		};
		4FBD00EB2729D56A006838B6 /* Preview Content */ = {
			isa = PBXGroup;
			children = (
				4FBD00EC2729D56A006838B6 /* Preview Assets.xcassets */,
			);
			path = "Preview Content";
			sourceTree = "<group>";
		};
		4FBD00F72729FBAD006838B6 /* Model */ = {
			isa = PBXGroup;
			children = (
				4FBD00F82729FBF0006838B6 /* WeatherDataModel.swift */,
				4F1CDCE2272B68A9000EC7CD /* WeatherModel.swift */,
			);
			path = Model;
			sourceTree = "<group>";
		};
		4FBD00FA272A022D006838B6 /* ViewModel */ = {
			isa = PBXGroup;
			children = (
				4FBD00FB272A0247006838B6 /* WeatherViewModel.swift */,
			);
			path = ViewModel;
			sourceTree = "<group>";
		};
/* End PBXGroup section */

/* Begin PBXNativeTarget section */
		4FBD00DF2729D566006838B6 /* WeatherApp */ = {
			isa = PBXNativeTarget;
			buildConfigurationList = 4FBD00F42729D56A006838B6 /* Build configuration list for PBXNativeTarget "WeatherApp" */;
			buildPhases = (
				4FBD00DC2729D566006838B6 /* Sources */,
				4FBD00DD2729D566006838B6 /* Frameworks */,
				4FBD00DE2729D566006838B6 /* Resources */,
			);
			buildRules = (
			);
			dependencies = (
			);
			name = WeatherApp;
			productName = WeatherApp;
			productReference = 4FBD00E02729D566006838B6 /* WeatherApp.app */;
			productType = "com.apple.product-type.application";
		};
/* End PBXNativeTarget section */

/* Begin PBXProject section */
		4FBD00D82729D566006838B6 /* Project object */ = {
			isa = PBXProject;
			attributes = {
				LastSwiftUpdateCheck = 1250;
				LastUpgradeCheck = 1250;
				TargetAttributes = {
					4FBD00DF2729D566006838B6 = {
						CreatedOnToolsVersion = 12.5.1;
					};
				};
			};
			buildConfigurationList = 4FBD00DB2729D566006838B6 /* Build configuration list for PBXProject "WeatherApp" */;
			compatibilityVersion = "Xcode 9.3";
			developmentRegion = en;
			hasScannedForEncodings = 0;
			knownRegions = (
				en,
				Base,
			);
			mainGroup = 4FBD00D72729D566006838B6;
			productRefGroup = 4FBD00E12729D566006838B6 /* Products */;
			projectDirPath = "";
			projectRoot = "";
			targets = (
				4FBD00DF2729D566006838B6 /* WeatherApp */,
			);
		};
/* End PBXProject section */

/* Begin PBXResourcesBuildPhase section */
		4FBD00DE2729D566006838B6 /* Resources */ = {
			isa = PBXResourcesBuildPhase;
			buildActionMask = 2147483647;
			files = (
				4FBD00F02729D56A006838B6 /* LaunchScreen.storyboard in Resources */,
				4FBD00ED2729D56A006838B6 /* Preview Assets.xcassets in Resources */,
				4FBD00EA2729D56A006838B6 /* Assets.xcassets in Resources */,
			);
			runOnlyForDeploymentPostprocessing = 0;
		};
/* End PBXResourcesBuildPhase section */

/* Begin PBXSourcesBuildPhase section */
		4FBD00DC2729D566006838B6 /* Sources */ = {
			isa = PBXSourcesBuildPhase;
			buildActionMask = 2147483647;
			files = (
				4F1CDCE5272B6B6B000EC7CD /* WeatherModelMapper.swift in Sources */,
				4FBD00FC272A0247006838B6 /* WeatherViewModel.swift in Sources */,
				4FBD00F92729FBF0006838B6 /* WeatherDataModel.swift in Sources */,
				4FBD00E42729D566006838B6 /* AppDelegate.swift in Sources */,
				4FBD00E62729D566006838B6 /* SceneDelegate.swift in Sources */,
				4F1CDCE3272B68A9000EC7CD /* WeatherModel.swift in Sources */,
				4FBD00E82729D566006838B6 /* ContentView.swift in Sources */,
			);
			runOnlyForDeploymentPostprocessing = 0;
		};
/* End PBXSourcesBuildPhase section */

/* Begin PBXVariantGroup section */
		4FBD00EE2729D56A006838B6 /* LaunchScreen.storyboard */ = {
			isa = PBXVariantGroup;
			children = (
				4FBD00EF2729D56A006838B6 /* Base */,
			);
			name = LaunchScreen.storyboard;
			sourceTree = "<group>";
		};
/* End PBXVariantGroup section */

/* Begin XCBuildConfiguration section */
		4FBD00F22729D56A006838B6 /* Debug */ = {
			isa = XCBuildConfiguration;
			buildSettings = {
				ALWAYS_SEARCH_USER_PATHS = NO;
				CLANG_ANALYZER_NONNULL = YES;
				CLANG_ANALYZER_NUMBER_OBJECT_CONVERSION = YES_AGGRESSIVE;
				CLANG_CXX_LANGUAGE_STANDARD = "gnu++14";
				CLANG_CXX_LIBRARY = "libc++";
				CLANG_ENABLE_MODULES = YES;
				CLANG_ENABLE_OBJC_ARC = YES;
				CLANG_ENABLE_OBJC_WEAK = YES;
				CLANG_WARN_BLOCK_CAPTURE_AUTORELEASING = YES;
				CLANG_WARN_BOOL_CONVERSION = YES;
				CLANG_WARN_COMMA = YES;
				CLANG_WARN_CONSTANT_CONVERSION = YES;
				CLANG_WARN_DEPRECATED_OBJC_IMPLEMENTATIONS = YES;
				CLANG_WARN_DIRECT_OBJC_ISA_USAGE = YES_ERROR;
				CLANG_WARN_DOCUMENTATION_COMMENTS = YES;
				CLANG_WARN_EMPTY_BODY = YES;
				CLANG_WARN_ENUM_CONVERSION = YES;
				CLANG_WARN_INFINITE_RECURSION = YES;
				CLANG_WARN_INT_CONVERSION = YES;
				CLANG_WARN_NON_LITERAL_NULL_CONVERSION = YES;
				CLANG_WARN_OBJC_IMPLICIT_RETAIN_SELF = YES;
				CLANG_WARN_OBJC_LITERAL_CONVERSION = YES;
				CLANG_WARN_OBJC_ROOT_CLASS = YES_ERROR;
				CLANG_WARN_QUOTED_INCLUDE_IN_FRAMEWORK_HEADER = YES;
				CLANG_WARN_RANGE_LOOP_ANALYSIS = YES;
				CLANG_WARN_STRICT_PROTOTYPES = YES;
				CLANG_WARN_SUSPICIOUS_MOVE = YES;
				CLANG_WARN_UNGUARDED_AVAILABILITY = YES_AGGRESSIVE;
				CLANG_WARN_UNREACHABLE_CODE = YES;
				CLANG_WARN__DUPLICATE_METHOD_MATCH = YES;
				COPY_PHASE_STRIP = NO;
				DEBUG_INFORMATION_FORMAT = dwarf;
				ENABLE_STRICT_OBJC_MSGSEND = YES;
				ENABLE_TESTABILITY = YES;
				GCC_C_LANGUAGE_STANDARD = gnu11;
				GCC_DYNAMIC_NO_PIC = NO;
				GCC_NO_COMMON_BLOCKS = YES;
				GCC_OPTIMIZATION_LEVEL = 0;
				GCC_PREPROCESSOR_DEFINITIONS = (
					"DEBUG=1",
					"$(inherited)",
				);
				GCC_WARN_64_TO_32_BIT_CONVERSION = YES;
				GCC_WARN_ABOUT_RETURN_TYPE = YES_ERROR;
				GCC_WARN_UNDECLARED_SELECTOR = YES;
				GCC_WARN_UNINITIALIZED_AUTOS = YES_AGGRESSIVE;
				GCC_WARN_UNUSED_FUNCTION = YES;
				GCC_WARN_UNUSED_VARIABLE = YES;
				IPHONEOS_DEPLOYMENT_TARGET = 14.5;
				MTL_ENABLE_DEBUG_INFO = INCLUDE_SOURCE;
				MTL_FAST_MATH = YES;
				ONLY_ACTIVE_ARCH = YES;
				SDKROOT = iphoneos;
				SWIFT_ACTIVE_COMPILATION_CONDITIONS = DEBUG;
				SWIFT_OPTIMIZATION_LEVEL = "-Onone";
			};
			name = Debug;
		};
		4FBD00F32729D56A006838B6 /* Release */ = {
			isa = XCBuildConfiguration;
			buildSettings = {
				ALWAYS_SEARCH_USER_PATHS = NO;
				CLANG_ANALYZER_NONNULL = YES;
				CLANG_ANALYZER_NUMBER_OBJECT_CONVERSION = YES_AGGRESSIVE;
				CLANG_CXX_LANGUAGE_STANDARD = "gnu++14";
				CLANG_CXX_LIBRARY = "libc++";
				CLANG_ENABLE_MODULES = YES;
				CLANG_ENABLE_OBJC_ARC = YES;
				CLANG_ENABLE_OBJC_WEAK = YES;
				CLANG_WARN_BLOCK_CAPTURE_AUTORELEASING = YES;
				CLANG_WARN_BOOL_CONVERSION = YES;
				CLANG_WARN_COMMA = YES;
				CLANG_WARN_CONSTANT_CONVERSION = YES;
				CLANG_WARN_DEPRECATED_OBJC_IMPLEMENTATIONS = YES;
				CLANG_WARN_DIRECT_OBJC_ISA_USAGE = YES_ERROR;
				CLANG_WARN_DOCUMENTATION_COMMENTS = YES;
				CLANG_WARN_EMPTY_BODY = YES;
				CLANG_WARN_ENUM_CONVERSION = YES;
				CLANG_WARN_INFINITE_RECURSION = YES;
				CLANG_WARN_INT_CONVERSION = YES;
				CLANG_WARN_NON_LITERAL_NULL_CONVERSION = YES;
				CLANG_WARN_OBJC_IMPLICIT_RETAIN_SELF = YES;
				CLANG_WARN_OBJC_LITERAL_CONVERSION = YES;
				CLANG_WARN_OBJC_ROOT_CLASS = YES_ERROR;
				CLANG_WARN_QUOTED_INCLUDE_IN_FRAMEWORK_HEADER = YES;
				CLANG_WARN_RANGE_LOOP_ANALYSIS = YES;
				CLANG_WARN_STRICT_PROTOTYPES = YES;
				CLANG_WARN_SUSPICIOUS_MOVE = YES;
				CLANG_WARN_UNGUARDED_AVAILABILITY = YES_AGGRESSIVE;
				CLANG_WARN_UNREACHABLE_CODE = YES;
				CLANG_WARN__DUPLICATE_METHOD_MATCH = YES;
				COPY_PHASE_STRIP = NO;
				DEBUG_INFORMATION_FORMAT = "dwarf-with-dsym";
				ENABLE_NS_ASSERTIONS = NO;
				ENABLE_STRICT_OBJC_MSGSEND = YES;
				GCC_C_LANGUAGE_STANDARD = gnu11;
				GCC_NO_COMMON_BLOCKS = YES;
				GCC_WARN_64_TO_32_BIT_CONVERSION = YES;
				GCC_WARN_ABOUT_RETURN_TYPE = YES_ERROR;
				GCC_WARN_UNDECLARED_SELECTOR = YES;
				GCC_WARN_UNINITIALIZED_AUTOS = YES_AGGRESSIVE;
				GCC_WARN_UNUSED_FUNCTION = YES;
				GCC_WARN_UNUSED_VARIABLE = YES;
				IPHONEOS_DEPLOYMENT_TARGET = 14.5;
				MTL_ENABLE_DEBUG_INFO = NO;
				MTL_FAST_MATH = YES;
				SDKROOT = iphoneos;
				SWIFT_COMPILATION_MODE = wholemodule;
				SWIFT_OPTIMIZATION_LEVEL = "-O";
				VALIDATE_PRODUCT = YES;
			};
			name = Release;
		};
		4FBD00F52729D56A006838B6 /* Debug */ = {
			isa = XCBuildConfiguration;
			buildSettings = {
				ASSETCATALOG_COMPILER_APPICON_NAME = AppIcon;
				ASSETCATALOG_COMPILER_GLOBAL_ACCENT_COLOR_NAME = AccentColor;
				CODE_SIGN_STYLE = Automatic;
				DEVELOPMENT_ASSET_PATHS = "\"WeatherApp/Preview Content\"";
				ENABLE_PREVIEWS = YES;
				INFOPLIST_FILE = WeatherApp/Info.plist;
				IPHONEOS_DEPLOYMENT_TARGET = 15.0;
				LD_RUNPATH_SEARCH_PATHS = (
					"$(inherited)",
					"@executable_path/Frameworks",
				);
				PRODUCT_BUNDLE_IDENTIFIER = valeroIvan.WeatherApp;
				PRODUCT_NAME = "$(TARGET_NAME)";
				SWIFT_VERSION = 5.0;
				TARGETED_DEVICE_FAMILY = "1,2";
			};
			name = Debug;
		};
		4FBD00F62729D56A006838B6 /* Release */ = {
			isa = XCBuildConfiguration;
			buildSettings = {
				ASSETCATALOG_COMPILER_APPICON_NAME = AppIcon;
				ASSETCATALOG_COMPILER_GLOBAL_ACCENT_COLOR_NAME = AccentColor;
				CODE_SIGN_STYLE = Automatic;
				DEVELOPMENT_ASSET_PATHS = "\"WeatherApp/Preview Content\"";
				ENABLE_PREVIEWS = YES;
				INFOPLIST_FILE = WeatherApp/Info.plist;
				IPHONEOS_DEPLOYMENT_TARGET = 15.0;
				LD_RUNPATH_SEARCH_PATHS = (
					"$(inherited)",
					"@executable_path/Frameworks",
				);
				PRODUCT_BUNDLE_IDENTIFIER = valeroIvan.WeatherApp;
				PRODUCT_NAME = "$(TARGET_NAME)";
				SWIFT_VERSION = 5.0;
				TARGETED_DEVICE_FAMILY = "1,2";
			};
			name = Release;
		};
/* End XCBuildConfiguration section */

/* Begin XCConfigurationList section */
		4FBD00DB2729D566006838B6 /* Build configuration list for PBXProject "WeatherApp" */ = {
			isa = XCConfigurationList;
			buildConfigurations = (
				4FBD00F22729D56A006838B6 /* Debug */,
				4FBD00F32729D56A006838B6 /* Release */,
			);
			defaultConfigurationIsVisible = 0;
			defaultConfigurationName = Release;
		};
		4FBD00F42729D56A006838B6 /* Build configuration list for PBXNativeTarget "WeatherApp" */ = {
			isa = XCConfigurationList;
			buildConfigurations = (
				4FBD00F52729D56A006838B6 /* Debug */,
				4FBD00F62729D56A006838B6 /* Release */,
			);
			defaultConfigurationIsVisible = 0;
			defaultConfigurationName = Release;
		};
/* End XCConfigurationList section */
	};
	rootObject = 4FBD00D82729D566006838B6 /* Project object */;
}
